{
  "nodes": {
    "home-manager": {
      "inputs": {
        "nixpkgs": [
          "nixpkgs"
        ]
      },
      "locked": {
        "lastModified": 1756245065,
        "narHash": "sha256-aAZNbGcWrVRZgWgkQbkabSGcDVRDMgON4BipMy69gvI=",
        "owner": "nix-community",
        "repo": "home-manager",
        "rev": "54b2879ce622d44415e727905925e21b8f833a98",
        "type": "github"
      },
      "original": {
        "owner": "nix-community",
        "ref": "release-25.05",
        "repo": "home-manager",
        "type": "github"
      }
    },
    "nixpkgs": {
      "locked": {
        "lastModified": 1756324718,
        "narHash": "sha256-1v9qKqIaEneUpWpiSQadysvc3/OfotQbXW6vyayFUd4=",
        "owner": "nixos",
        "repo": "nixpkgs",
        "rev": "79576dca25d0e862f24c0aa467ad14c09196bfa7",
        "type": "github"
      },
      "original": {
        "owner": "nixos",
        "ref": "release-25.05",
        "repo": "nixpkgs",
        "type": "github"
      }
    },
    "root": {
      "inputs": {
        "home-manager": "home-manager",
        "nixpkgs": "nixpkgs"
      }
    }
  },
  "root": "root",
  "version": 7
}
